// !$*UTF8*$!
{
	archiveVersion = 1;
	classes = {
	};
	objectVersion = 50;
	objects = {

/* Begin PBXBuildFile section */
		132F02CB24440A4A0070378E /* AppDelegate.swift in Sources */ = {isa = PBXBuildFile; fileRef = 132F02CA24440A4A0070378E /* AppDelegate.swift */; };
		132F02CD24440A4A0070378E /* SceneDelegate.swift in Sources */ = {isa = PBXBuildFile; fileRef = 132F02CC24440A4A0070378E /* SceneDelegate.swift */; };
		132F02CF24440A4A0070378E /* EaseyPeasyViewController.swift in Sources */ = {isa = PBXBuildFile; fileRef = 132F02CE24440A4A0070378E /* EaseyPeasyViewController.swift */; };
		132F02EA244453410070378E /* SnapkitViewController.swift in Sources */ = {isa = PBXBuildFile; fileRef = 132F02E9244453410070378E /* SnapkitViewController.swift */; };
		132F02EC244453700070378E /* PureLayoutViewController.swift in Sources */ = {isa = PBXBuildFile; fileRef = 132F02EB244453700070378E /* PureLayoutViewController.swift */; };
		13E5E1EF24447516008AFEE1 /* Main.storyboard in Resources */ = {isa = PBXBuildFile; fileRef = 132F02D124440A4A0070378E /* Main.storyboard */; };
		13E5E1F024447516008AFEE1 /* LaunchScreen.storyboard in Resources */ = {isa = PBXBuildFile; fileRef = 132F02D624440A4C0070378E /* LaunchScreen.storyboard */; };
		13F8CE21244455B50063360C /* Assets.xcassets in Resources */ = {isa = PBXBuildFile; fileRef = 13F8CE20244455B50063360C /* Assets.xcassets */; };
		13FA31F2244472F1004DA2C7 /* SnapKit.framework in Frameworks */ = {isa = PBXBuildFile; fileRef = 13FA31F1244472F1004DA2C7 /* SnapKit.framework */; };
		13FA31F3244472F1004DA2C7 /* SnapKit.framework in Embed Frameworks */ = {isa = PBXBuildFile; fileRef = 13FA31F1244472F1004DA2C7 /* SnapKit.framework */; settings = {ATTRIBUTES = (CodeSignOnCopy, RemoveHeadersOnCopy, ); }; };
		13FA31F6244472F3004DA2C7 /* PureLayout.framework in Frameworks */ = {isa = PBXBuildFile; fileRef = 13FA31F5244472F3004DA2C7 /* PureLayout.framework */; };
		13FA31F7244472F3004DA2C7 /* PureLayout.framework in Embed Frameworks */ = {isa = PBXBuildFile; fileRef = 13FA31F5244472F3004DA2C7 /* PureLayout.framework */; settings = {ATTRIBUTES = (CodeSignOnCopy, RemoveHeadersOnCopy, ); }; };
		13FA31F9244472F6004DA2C7 /* EasyPeasy.framework in Frameworks */ = {isa = PBXBuildFile; fileRef = 13FA31F8244472F6004DA2C7 /* EasyPeasy.framework */; };
		13FA31FA244472F6004DA2C7 /* EasyPeasy.framework in Embed Frameworks */ = {isa = PBXBuildFile; fileRef = 13FA31F8244472F6004DA2C7 /* EasyPeasy.framework */; settings = {ATTRIBUTES = (CodeSignOnCopy, RemoveHeadersOnCopy, ); }; };
/* End PBXBuildFile section */

/* Begin PBXCopyFilesBuildPhase section */
		13FA31F4244472F1004DA2C7 /* Embed Frameworks */ = {
			isa = PBXCopyFilesBuildPhase;
			buildActionMask = 2147483647;
			dstPath = "";
			dstSubfolderSpec = 10;
			files = (
				13FA31FA244472F6004DA2C7 /* EasyPeasy.framework in Embed Frameworks */,
				13FA31F7244472F3004DA2C7 /* PureLayout.framework in Embed Frameworks */,
				13FA31F3244472F1004DA2C7 /* SnapKit.framework in Embed Frameworks */,
			);
			name = "Embed Frameworks";
			runOnlyForDeploymentPostprocessing = 0;
		};
/* End PBXCopyFilesBuildPhase section */

/* Begin PBXFileReference section */
		132A228A2444764F00C6AE47 /* Info.plist */ = {isa = PBXFileReference; fileEncoding = 4; lastKnownFileType = text.plist.xml; path = Info.plist; sourceTree = "<group>"; };
		132F02C724440A4A0070378E /* CompareLayoutLibraries.app */ = {isa = PBXFileReference; explicitFileType = wrapper.application; includeInIndex = 0; path = CompareLayoutLibraries.app; sourceTree = BUILT_PRODUCTS_DIR; };
		132F02CA24440A4A0070378E /* AppDelegate.swift */ = {isa = PBXFileReference; lastKnownFileType = sourcecode.swift; path = AppDelegate.swift; sourceTree = SOURCE_ROOT; };
		132F02CC24440A4A0070378E /* SceneDelegate.swift */ = {isa = PBXFileReference; lastKnownFileType = sourcecode.swift; path = SceneDelegate.swift; sourceTree = SOURCE_ROOT; };
		132F02CE24440A4A0070378E /* EaseyPeasyViewController.swift */ = {isa = PBXFileReference; lastKnownFileType = sourcecode.swift; path = EaseyPeasyViewController.swift; sourceTree = SOURCE_ROOT; };
		132F02D124440A4A0070378E /* Main.storyboard */ = {isa = PBXFileReference; lastKnownFileType = file.storyboard; path = Main.storyboard; sourceTree = "<group>"; };
		132F02D624440A4C0070378E /* LaunchScreen.storyboard */ = {isa = PBXFileReference; lastKnownFileType = file.storyboard; path = LaunchScreen.storyboard; sourceTree = "<group>"; };
		132F02E9244453410070378E /* SnapkitViewController.swift */ = {isa = PBXFileReference; fileEncoding = 4; lastKnownFileType = sourcecode.swift; path = SnapkitViewController.swift; sourceTree = SOURCE_ROOT; };
		132F02EB244453700070378E /* PureLayoutViewController.swift */ = {isa = PBXFileReference; fileEncoding = 4; lastKnownFileType = sourcecode.swift; path = PureLayoutViewController.swift; sourceTree = SOURCE_ROOT; };
		13F8CE20244455B50063360C /* Assets.xcassets */ = {isa = PBXFileReference; lastKnownFileType = folder.assetcatalog; path = Assets.xcassets; sourceTree = SOURCE_ROOT; };
		13FA31F1244472F1004DA2C7 /* SnapKit.framework */ = {isa = PBXFileReference; lastKnownFileType = wrapper.framework; name = SnapKit.framework; path = Carthage/Build/iOS/SnapKit.framework; sourceTree = "<group>"; };
		13FA31F5244472F3004DA2C7 /* PureLayout.framework */ = {isa = PBXFileReference; lastKnownFileType = wrapper.framework; name = PureLayout.framework; path = Carthage/Build/iOS/PureLayout.framework; sourceTree = "<group>"; };
		13FA31F8244472F6004DA2C7 /* EasyPeasy.framework */ = {isa = PBXFileReference; lastKnownFileType = wrapper.framework; name = EasyPeasy.framework; path = Carthage/Build/iOS/EasyPeasy.framework; sourceTree = "<group>"; };
/* End PBXFileReference section */

/* Begin PBXFrameworksBuildPhase section */
		132F02C424440A4A0070378E /* Frameworks */ = {
			isa = PBXFrameworksBuildPhase;
			buildActionMask = 2147483647;
			files = (
				13FA31F9244472F6004DA2C7 /* EasyPeasy.framework in Frameworks */,
				13FA31F6244472F3004DA2C7 /* PureLayout.framework in Frameworks */,
				13FA31F2244472F1004DA2C7 /* SnapKit.framework in Frameworks */,
			);
			runOnlyForDeploymentPostprocessing = 0;
		};
/* End PBXFrameworksBuildPhase section */

/* Begin PBXGroup section */
		132F02BE24440A4A0070378E = {
			isa = PBXGroup;
			children = (
				132F02C924440A4A0070378E /* CompareLayoutLibraries */,
				132F02C824440A4A0070378E /* Products */,
				132F02DE244452DA0070378E /* Frameworks */,
			);
			sourceTree = "<group>";
		};
		132F02C824440A4A0070378E /* Products */ = {
			isa = PBXGroup;
			children = (
				132F02C724440A4A0070378E /* CompareLayoutLibraries.app */,
			);
			name = Products;
			sourceTree = "<group>";
		};
		132F02C924440A4A0070378E /* CompareLayoutLibraries */ = {
			isa = PBXGroup;
			children = (
				132F02CA24440A4A0070378E /* AppDelegate.swift */,
				132F02CC24440A4A0070378E /* SceneDelegate.swift */,
				132F02E9244453410070378E /* SnapkitViewController.swift */,
				132F02EB244453700070378E /* PureLayoutViewController.swift */,
				132F02CE24440A4A0070378E /* EaseyPeasyViewController.swift */,
				132F02D124440A4A0070378E /* Main.storyboard */,
				13F8CE20244455B50063360C /* Assets.xcassets */,
				132F02D624440A4C0070378E /* LaunchScreen.storyboard */,
				132A228A2444764F00C6AE47 /* Info.plist */,
			);
			name = CompareLayoutLibraries;
			sourceTree = SOURCE_ROOT;
		};
		132F02DE244452DA0070378E /* Frameworks */ = {
			isa = PBXGroup;
			children = (
				13FA31F8244472F6004DA2C7 /* EasyPeasy.framework */,
				13FA31F5244472F3004DA2C7 /* PureLayout.framework */,
				13FA31F1244472F1004DA2C7 /* SnapKit.framework */,
			);
			name = Frameworks;
			sourceTree = "<group>";
		};
/* End PBXGroup section */

/* Begin PBXNativeTarget section */
		132F02C624440A4A0070378E /* CompareLayoutLibraries */ = {
			isa = PBXNativeTarget;
			buildConfigurationList = 132F02DB24440A4C0070378E /* Build configuration list for PBXNativeTarget "CompareLayoutLibraries" */;
			buildPhases = (
				132F02C324440A4A0070378E /* Sources */,
				132F02C424440A4A0070378E /* Frameworks */,
				132F02C524440A4A0070378E /* Resources */,
				13F8CE1D244453F00063360C /* ShellScript */,
				13FA31F4244472F1004DA2C7 /* Embed Frameworks */,
			);
			buildRules = (
			);
			dependencies = (
			);
			name = CompareLayoutLibraries;
			productName = CompareLayoutLibraries;
			productReference = 132F02C724440A4A0070378E /* CompareLayoutLibraries.app */;
			productType = "com.apple.product-type.application";
		};
/* End PBXNativeTarget section */

/* Begin PBXProject section */
		132F02BF24440A4A0070378E /* Project object */ = {
			isa = PBXProject;
			attributes = {
				LastSwiftUpdateCheck = 1130;
				LastUpgradeCheck = 1130;
				ORGANIZATIONNAME = "Nadya Post";
				TargetAttributes = {
					132F02C624440A4A0070378E = {
						CreatedOnToolsVersion = 11.3.1;
					};
				};
			};
			buildConfigurationList = 132F02C224440A4A0070378E /* Build configuration list for PBXProject "CompareLayoutLibraries" */;
			compatibilityVersion = "Xcode 9.3";
			developmentRegion = en;
			hasScannedForEncodings = 0;
			knownRegions = (
				en,
				Base,
			);
			mainGroup = 132F02BE24440A4A0070378E;
			productRefGroup = 132F02C824440A4A0070378E /* Products */;
			projectDirPath = "";
			projectRoot = "";
			targets = (
				132F02C624440A4A0070378E /* CompareLayoutLibraries */,
			);
		};
/* End PBXProject section */

/* Begin PBXResourcesBuildPhase section */
		132F02C524440A4A0070378E /* Resources */ = {
			isa = PBXResourcesBuildPhase;
			buildActionMask = 2147483647;
			files = (
				13E5E1F024447516008AFEE1 /* LaunchScreen.storyboard in Resources */,
				13F8CE21244455B50063360C /* Assets.xcassets in Resources */,
				13E5E1EF24447516008AFEE1 /* Main.storyboard in Resources */,
			);
			runOnlyForDeploymentPostprocessing = 0;
		};
/* End PBXResourcesBuildPhase section */

/* Begin PBXShellScriptBuildPhase section */
		13F8CE1D244453F00063360C /* ShellScript */ = {
			isa = PBXShellScriptBuildPhase;
			buildActionMask = 2147483647;
			files = (
			);
			inputFileListPaths = (
			);
			inputPaths = (
			);
			outputFileListPaths = (
			);
			outputPaths = (
			);
			runOnlyForDeploymentPostprocessing = 0;
			shellPath = /bin/sh;
			shellScript = "/usr/local/bin/carthage copy-frameworks\n";
		};
/* End PBXShellScriptBuildPhase section */

/* Begin PBXSourcesBuildPhase section */
		132F02C324440A4A0070378E /* Sources */ = {
			isa = PBXSourcesBuildPhase;
			buildActionMask = 2147483647;
			files = (
				132F02CF24440A4A0070378E /* EaseyPeasyViewController.swift in Sources */,
				132F02CB24440A4A0070378E /* AppDelegate.swift in Sources */,
				132F02CD24440A4A0070378E /* SceneDelegate.swift in Sources */,
				132F02EC244453700070378E /* PureLayoutViewController.swift in Sources */,
				132F02EA244453410070378E /* SnapkitViewController.swift in Sources */,
			);
			runOnlyForDeploymentPostprocessing = 0;
		};
/* End PBXSourcesBuildPhase section */

/* Begin XCBuildConfiguration section */
		132F02D924440A4C0070378E /* Debug */ = {
			isa = XCBuildConfiguration;
			buildSettings = {
				ALWAYS_SEARCH_USER_PATHS = NO;
				CLANG_ANALYZER_NONNULL = YES;
				CLANG_ANALYZER_NUMBER_OBJECT_CONVERSION = YES_AGGRESSIVE;
				CLANG_CXX_LANGUAGE_STANDARD = "gnu++14";
				CLANG_CXX_LIBRARY = "libc++";
				CLANG_ENABLE_MODULES = YES;
				CLANG_ENABLE_OBJC_ARC = YES;
				CLANG_ENABLE_OBJC_WEAK = YES;
				CLANG_WARN_BLOCK_CAPTURE_AUTORELEASING = YES;
				CLANG_WARN_BOOL_CONVERSION = YES;
				CLANG_WARN_COMMA = YES;
				CLANG_WARN_CONSTANT_CONVERSION = YES;
				CLANG_WARN_DEPRECATED_OBJC_IMPLEMENTATIONS = YES;
				CLANG_WARN_DIRECT_OBJC_ISA_USAGE = YES_ERROR;
				CLANG_WARN_DOCUMENTATION_COMMENTS = YES;
				CLANG_WARN_EMPTY_BODY = YES;
				CLANG_WARN_ENUM_CONVERSION = YES;
				CLANG_WARN_INFINITE_RECURSION = YES;
				CLANG_WARN_INT_CONVERSION = YES;
				CLANG_WARN_NON_LITERAL_NULL_CONVERSION = YES;
				CLANG_WARN_OBJC_IMPLICIT_RETAIN_SELF = YES;
				CLANG_WARN_OBJC_LITERAL_CONVERSION = YES;
				CLANG_WARN_OBJC_ROOT_CLASS = YES_ERROR;
				CLANG_WARN_RANGE_LOOP_ANALYSIS = YES;
				CLANG_WARN_STRICT_PROTOTYPES = YES;
				CLANG_WARN_SUSPICIOUS_MOVE = YES;
				CLANG_WARN_UNGUARDED_AVAILABILITY = YES_AGGRESSIVE;
				CLANG_WARN_UNREACHABLE_CODE = YES;
				CLANG_WARN__DUPLICATE_METHOD_MATCH = YES;
				COPY_PHASE_STRIP = NO;
				DEBUG_INFORMATION_FORMAT = dwarf;
				ENABLE_STRICT_OBJC_MSGSEND = YES;
				ENABLE_TESTABILITY = YES;
				GCC_C_LANGUAGE_STANDARD = gnu11;
				GCC_DYNAMIC_NO_PIC = NO;
				GCC_NO_COMMON_BLOCKS = YES;
				GCC_OPTIMIZATION_LEVEL = 0;
				GCC_PREPROCESSOR_DEFINITIONS = (
					"DEBUG=1",
					"$(inherited)",
				);
				GCC_WARN_64_TO_32_BIT_CONVERSION = YES;
				GCC_WARN_ABOUT_RETURN_TYPE = YES_ERROR;
				GCC_WARN_UNDECLARED_SELECTOR = YES;
				GCC_WARN_UNINITIALIZED_AUTOS = YES_AGGRESSIVE;
				GCC_WARN_UNUSED_FUNCTION = YES;
				GCC_WARN_UNUSED_VARIABLE = YES;
				IPHONEOS_DEPLOYMENT_TARGET = 13.2;
				MTL_ENABLE_DEBUG_INFO = INCLUDE_SOURCE;
				MTL_FAST_MATH = YES;
				ONLY_ACTIVE_ARCH = YES;
				SDKROOT = iphoneos;
				SWIFT_ACTIVE_COMPILATION_CONDITIONS = DEBUG;
				SWIFT_OPTIMIZATION_LEVEL = "-Onone";
			};
			name = Debug;
		};
		132F02DA24440A4C0070378E /* Release */ = {
			isa = XCBuildConfiguration;
			buildSettings = {
				ALWAYS_SEARCH_USER_PATHS = NO;
				CLANG_ANALYZER_NONNULL = YES;
				CLANG_ANALYZER_NUMBER_OBJECT_CONVERSION = YES_AGGRESSIVE;
				CLANG_CXX_LANGUAGE_STANDARD = "gnu++14";
				CLANG_CXX_LIBRARY = "libc++";
				CLANG_ENABLE_MODULES = YES;
				CLANG_ENABLE_OBJC_ARC = YES;
				CLANG_ENABLE_OBJC_WEAK = YES;
				CLANG_WARN_BLOCK_CAPTURE_AUTORELEASING = YES;
				CLANG_WARN_BOOL_CONVERSION = YES;
				CLANG_WARN_COMMA = YES;
				CLANG_WARN_CONSTANT_CONVERSION = YES;
				CLANG_WARN_DEPRECATED_OBJC_IMPLEMENTATIONS = YES;
				CLANG_WARN_DIRECT_OBJC_ISA_USAGE = YES_ERROR;
				CLANG_WARN_DOCUMENTATION_COMMENTS = YES;
				CLANG_WARN_EMPTY_BODY = YES;
				CLANG_WARN_ENUM_CONVERSION = YES;
				CLANG_WARN_INFINITE_RECURSION = YES;
				CLANG_WARN_INT_CONVERSION = YES;
				CLANG_WARN_NON_LITERAL_NULL_CONVERSION = YES;
				CLANG_WARN_OBJC_IMPLICIT_RETAIN_SELF = YES;
				CLANG_WARN_OBJC_LITERAL_CONVERSION = YES;
				CLANG_WARN_OBJC_ROOT_CLASS = YES_ERROR;
				CLANG_WARN_RANGE_LOOP_ANALYSIS = YES;
				CLANG_WARN_STRICT_PROTOTYPES = YES;
				CLANG_WARN_SUSPICIOUS_MOVE = YES;
				CLANG_WARN_UNGUARDED_AVAILABILITY = YES_AGGRESSIVE;
				CLANG_WARN_UNREACHABLE_CODE = YES;
				CLANG_WARN__DUPLICATE_METHOD_MATCH = YES;
				COPY_PHASE_STRIP = NO;
				DEBUG_INFORMATION_FORMAT = "dwarf-with-dsym";
				ENABLE_NS_ASSERTIONS = NO;
				ENABLE_STRICT_OBJC_MSGSEND = YES;
				GCC_C_LANGUAGE_STANDARD = gnu11;
				GCC_NO_COMMON_BLOCKS = YES;
				GCC_WARN_64_TO_32_BIT_CONVERSION = YES;
				GCC_WARN_ABOUT_RETURN_TYPE = YES_ERROR;
				GCC_WARN_UNDECLARED_SELECTOR = YES;
				GCC_WARN_UNINITIALIZED_AUTOS = YES_AGGRESSIVE;
				GCC_WARN_UNUSED_FUNCTION = YES;
				GCC_WARN_UNUSED_VARIABLE = YES;
				IPHONEOS_DEPLOYMENT_TARGET = 13.2;
				MTL_ENABLE_DEBUG_INFO = NO;
				MTL_FAST_MATH = YES;
				SDKROOT = iphoneos;
				SWIFT_COMPILATION_MODE = wholemodule;
				SWIFT_OPTIMIZATION_LEVEL = "-O";
				VALIDATE_PRODUCT = YES;
			};
			name = Release;
		};
		132F02DC24440A4C0070378E /* Debug */ = {
			isa = XCBuildConfiguration;
			buildSettings = {
				ASSETCATALOG_COMPILER_APPICON_NAME = AppIcon;
				CODE_SIGN_STYLE = Automatic;
				DEVELOPMENT_TEAM = XDCJFPJZ5Z;
				FRAMEWORK_SEARCH_PATHS = (
					"$(inherited)",
					"$(PROJECT_DIR)/Carthage/Build/iOS",
				);
				INFOPLIST_FILE = "$(SRCROOT)/Info.plist";
				LD_RUNPATH_SEARCH_PATHS = (
					"$(inherited)",
					"@executable_path/Frameworks",
				);
				PRODUCT_BUNDLE_IDENTIFIER = "com.nadyapostr-gmail.com.CompareLayoutLibraries";
				PRODUCT_NAME = "$(TARGET_NAME)";
				SWIFT_VERSION = 5.0;
				TARGETED_DEVICE_FAMILY = "1,2";
			};
			name = Debug;
		};
		132F02DD24440A4C0070378E /* Release */ = {
			isa = XCBuildConfiguration;
			buildSettings = {
				ASSETCATALOG_COMPILER_APPICON_NAME = AppIcon;
				CODE_SIGN_STYLE = Automatic;
				DEVELOPMENT_TEAM = XDCJFPJZ5Z;
				FRAMEWORK_SEARCH_PATHS = (
					"$(inherited)",
					"$(PROJECT_DIR)/Carthage/Build/iOS",
				);
				INFOPLIST_FILE = "$(SRCROOT)/Info.plist";
				LD_RUNPATH_SEARCH_PATHS = (
					"$(inherited)",
					"@executable_path/Frameworks",
				);
				PRODUCT_BUNDLE_IDENTIFIER = "com.nadyapostr-gmail.com.CompareLayoutLibraries";
				PRODUCT_NAME = "$(TARGET_NAME)";
				SWIFT_VERSION = 5.0;
				TARGETED_DEVICE_FAMILY = "1,2";
			};
			name = Release;
		};
/* End XCBuildConfiguration section */

/* Begin XCConfigurationList section */
		132F02C224440A4A0070378E /* Build configuration list for PBXProject "CompareLayoutLibraries" */ = {
			isa = XCConfigurationList;
			buildConfigurations = (
				132F02D924440A4C0070378E /* Debug */,
				132F02DA24440A4C0070378E /* Release */,
			);
			defaultConfigurationIsVisible = 0;
			defaultConfigurationName = Release;
		};
		132F02DB24440A4C0070378E /* Build configuration list for PBXNativeTarget "CompareLayoutLibraries" */ = {
			isa = XCConfigurationList;
			buildConfigurations = (
				132F02DC24440A4C0070378E /* Debug */,
				132F02DD24440A4C0070378E /* Release */,
			);
			defaultConfigurationIsVisible = 0;
			defaultConfigurationName = Release;
		};
/* End XCConfigurationList section */
	};
	rootObject = 132F02BF24440A4A0070378E /* Project object */;
}
